
Microsoft Visual Studio Solution File, Format Version 12.00
# Visual Studio Version 16
VisualStudioVersion = 16.0.31105.61
MinimumVisualStudioVersion = 10.0.40219.1
Project("{FAE04EC0-301F-11D3-BF4B-00C04F79EFBC}") = "WebAPI", "WebAPI\WebAPI.csproj", "{15B786FA-23D5-48EE-99FA-96274DFCD26E}"
EndProject
Project("{9A19103F-16F7-4668-BE54-9A1E7A4F7556}") = "PolicyAPI.Data", "PolicyAPI.Data\PolicyAPI.Data.csproj", "{8F83C039-C716-4C00-A908-A9D972B6DFD4}"
EndProject
Project("{FAE04EC0-301F-11D3-BF4B-00C04F79EFBC}") = "PolicyAPI.Test", "PolicyAPI.Test\PolicyAPI.Test.csproj", "{8D9F71E4-646B-47E1-B2F3-72660D23B542}"
EndProject
Global
	GlobalSection(SolutionConfigurationPlatforms) = preSolution
		Debug|Any CPU = Debug|Any CPU
		Release|Any CPU = Release|Any CPU
	EndGlobalSection
	GlobalSection(ProjectConfigurationPlatforms) = postSolution
		{15B786FA-23D5-48EE-99FA-96274DFCD26E}.Debug|Any CPU.ActiveCfg = Debug|Any CPU
		{15B786FA-23D5-48EE-99FA-96274DFCD26E}.Debug|Any CPU.Build.0 = Debug|Any CPU
		{15B786FA-23D5-48EE-99FA-96274DFCD26E}.Release|Any CPU.ActiveCfg = Release|Any CPU
		{15B786FA-23D5-48EE-99FA-96274DFCD26E}.Release|Any CPU.Build.0 = Release|Any CPU
		{8F83C039-C716-4C00-A908-A9D972B6DFD4}.Debug|Any CPU.ActiveCfg = Debug|Any CPU
		{8F83C039-C716-4C00-A908-A9D972B6DFD4}.Debug|Any CPU.Build.0 = Debug|Any CPU
		{8F83C039-C716-4C00-A908-A9D972B6DFD4}.Release|Any CPU.ActiveCfg = Release|Any CPU
		{8F83C039-C716-4C00-A908-A9D972B6DFD4}.Release|Any CPU.Build.0 = Release|Any CPU
		{8D9F71E4-646B-47E1-B2F3-72660D23B542}.Debug|Any CPU.ActiveCfg = Debug|Any CPU
		{8D9F71E4-646B-47E1-B2F3-72660D23B542}.Debug|Any CPU.Build.0 = Debug|Any CPU
		{8D9F71E4-646B-47E1-B2F3-72660D23B542}.Release|Any CPU.ActiveCfg = Release|Any CPU
		{8D9F71E4-646B-47E1-B2F3-72660D23B542}.Release|Any CPU.Build.0 = Release|Any CPU
	EndGlobalSection
	GlobalSection(SolutionProperties) = preSolution
		HideSolutionNode = FALSE
	EndGlobalSection
	GlobalSection(ExtensibilityGlobals) = postSolution
		SolutionGuid = {D4B06336-32D1-4934-A306-3FF67C26CFB8}
	EndGlobalSection
EndGlobal
